{
  "name": "mutable-state",
  "version": "1.1.0",
  "lockfileVersion": 1,
  "requires": true,
  "dependencies": {
    "observable-slim": {
      "version": "0.1.5",
      "resolved": "https://registry.npmjs.org/observable-slim/-/observable-slim-0.1.5.tgz",
      "integrity": "sha512-xhDK4EjwM6ehZ6KhTtDc0z5kqBhqoBQPP9pq2n1c+RXA4IcyLIm68ipDwS3nZVXhrCssoKu4LcHDUT1tl0kP9A=="
    }
  }
}
